
Microsoft Visual Studio Solution File, Format Version 12.00
# Visual Studio Version 17
VisualStudioVersion = 17.4.33122.133
MinimumVisualStudioVersion = 10.0.40219.1
Project("{9A19103F-16F7-4668-BE54-9A1E7A4F7556}") = "Dealeron.SalesTaxes.Api", "Dealeron.SalesTaxes.Api\Dealeron.SalesTaxes.Api.csproj", "{31B3A2D8-65A2-4A46-8BEF-DAD69B5B710D}"
EndProject
Project("{9A19103F-16F7-4668-BE54-9A1E7A4F7556}") = "Dealeron.SalesTaxes.Domain", "Dealeron.SalesTaxes.Domain\Dealeron.SalesTaxes.Domain.csproj", "{264766FF-BE2F-4DA9-8E14-D7C2E1DCF8EB}"
EndProject
Project("{9A19103F-16F7-4668-BE54-9A1E7A4F7556}") = "Dealeron.SalesTaxes.Application", "Dealeron.SalesTaxes.Application\Dealeron.SalesTaxes.Application.csproj", "{0BF8B4A2-27D6-4E11-B10E-EA8A56244E5F}"
EndProject
Project("{9A19103F-16F7-4668-BE54-9A1E7A4F7556}") = "Dealeron.SalesTaxes.Infrastructure", "Dealeron.SalesTaxes.Infrastructure\Dealeron.SalesTaxes.Infrastructure.csproj", "{494E3ECD-D617-4D4E-8B79-DEB0957334E6}"
EndProject
Project("{9A19103F-16F7-4668-BE54-9A1E7A4F7556}") = "Dealeron.SalesTaxes.Contract", "Dealeron.SalesTaxes.Contract\Dealeron.SalesTaxes.Contract.csproj", "{DD9DA565-0E6F-4978-B9BE-E88A910FD5C7}"
EndProject
Project("{2150E333-8FDC-42A3-9474-1A3956D46DE8}") = "UnitTests", "UnitTests", "{DFC24874-9BE9-4EE3-ADA2-67F696F01F94}"
EndProject
Project("{9A19103F-16F7-4668-BE54-9A1E7A4F7556}") = "Dealeron.SalesTaxes.Infrastructure.UnitTests", "..\..\tests\Dealeron.SalesTaxes.Infrastructure.UnitTests\Dealeron.SalesTaxes.Infrastructure.UnitTests.csproj", "{CD3FBE8C-808F-4032-9945-DBF0790B57B4}"
EndProject
Global
	GlobalSection(SolutionConfigurationPlatforms) = preSolution
		Debug|Any CPU = Debug|Any CPU
		Release|Any CPU = Release|Any CPU
	EndGlobalSection
	GlobalSection(ProjectConfigurationPlatforms) = postSolution
		{31B3A2D8-65A2-4A46-8BEF-DAD69B5B710D}.Debug|Any CPU.ActiveCfg = Debug|Any CPU
		{31B3A2D8-65A2-4A46-8BEF-DAD69B5B710D}.Debug|Any CPU.Build.0 = Debug|Any CPU
		{31B3A2D8-65A2-4A46-8BEF-DAD69B5B710D}.Release|Any CPU.ActiveCfg = Release|Any CPU
		{31B3A2D8-65A2-4A46-8BEF-DAD69B5B710D}.Release|Any CPU.Build.0 = Release|Any CPU
		{264766FF-BE2F-4DA9-8E14-D7C2E1DCF8EB}.Debug|Any CPU.ActiveCfg = Debug|Any CPU
		{264766FF-BE2F-4DA9-8E14-D7C2E1DCF8EB}.Debug|Any CPU.Build.0 = Debug|Any CPU
		{264766FF-BE2F-4DA9-8E14-D7C2E1DCF8EB}.Release|Any CPU.ActiveCfg = Release|Any CPU
		{264766FF-BE2F-4DA9-8E14-D7C2E1DCF8EB}.Release|Any CPU.Build.0 = Release|Any CPU
		{0BF8B4A2-27D6-4E11-B10E-EA8A56244E5F}.Debug|Any CPU.ActiveCfg = Debug|Any CPU
		{0BF8B4A2-27D6-4E11-B10E-EA8A56244E5F}.Debug|Any CPU.Build.0 = Debug|Any CPU
		{0BF8B4A2-27D6-4E11-B10E-EA8A56244E5F}.Release|Any CPU.ActiveCfg = Release|Any CPU
		{0BF8B4A2-27D6-4E11-B10E-EA8A56244E5F}.Release|Any CPU.Build.0 = Release|Any CPU
		{494E3ECD-D617-4D4E-8B79-DEB0957334E6}.Debug|Any CPU.ActiveCfg = Debug|Any CPU
		{494E3ECD-D617-4D4E-8B79-DEB0957334E6}.Debug|Any CPU.Build.0 = Debug|Any CPU
		{494E3ECD-D617-4D4E-8B79-DEB0957334E6}.Release|Any CPU.ActiveCfg = Release|Any CPU
		{494E3ECD-D617-4D4E-8B79-DEB0957334E6}.Release|Any CPU.Build.0 = Release|Any CPU
		{DD9DA565-0E6F-4978-B9BE-E88A910FD5C7}.Debug|Any CPU.ActiveCfg = Debug|Any CPU
		{DD9DA565-0E6F-4978-B9BE-E88A910FD5C7}.Debug|Any CPU.Build.0 = Debug|Any CPU
		{DD9DA565-0E6F-4978-B9BE-E88A910FD5C7}.Release|Any CPU.ActiveCfg = Release|Any CPU
		{DD9DA565-0E6F-4978-B9BE-E88A910FD5C7}.Release|Any CPU.Build.0 = Release|Any CPU
		{CD3FBE8C-808F-4032-9945-DBF0790B57B4}.Debug|Any CPU.ActiveCfg = Debug|Any CPU
		{CD3FBE8C-808F-4032-9945-DBF0790B57B4}.Debug|Any CPU.Build.0 = Debug|Any CPU
		{CD3FBE8C-808F-4032-9945-DBF0790B57B4}.Release|Any CPU.ActiveCfg = Release|Any CPU
		{CD3FBE8C-808F-4032-9945-DBF0790B57B4}.Release|Any CPU.Build.0 = Release|Any CPU
	EndGlobalSection
	GlobalSection(SolutionProperties) = preSolution
		HideSolutionNode = FALSE
	EndGlobalSection
	GlobalSection(NestedProjects) = preSolution
		{CD3FBE8C-808F-4032-9945-DBF0790B57B4} = {DFC24874-9BE9-4EE3-ADA2-67F696F01F94}
	EndGlobalSection
	GlobalSection(ExtensibilityGlobals) = postSolution
		SolutionGuid = {26661C61-3705-4728-9476-FFE5306FEE9C}
	EndGlobalSection
EndGlobal
